
Microsoft Visual Studio Solution File, Format Version 12.00
# Visual Studio Version 17
VisualStudioVersion = 17.14.36414.22
MinimumVisualStudioVersion = 10.0.40219.1
Project("{FAE04EC0-301F-11D3-BF4B-00C04F79EFBC}") = "SeniorAPI", "SeniorAPI\SeniorAPI.csproj", "{34B6AF20-0732-4476-90E3-9770BA9C09A9}"
EndProject
Project("{FAE04EC0-301F-11D3-BF4B-00C04F79EFBC}") = "SeniorAPI.Testes", "SeniorAPI.Testes\SeniorAPI.Testes.csproj", "{41013B75-C41A-43B2-B8DB-AD3ECD280C14}"
EndProject
Global
	GlobalSection(SolutionConfigurationPlatforms) = preSolution
		Debug|Any CPU = Debug|Any CPU
		Release|Any CPU = Release|Any CPU
	EndGlobalSection
	GlobalSection(ProjectConfigurationPlatforms) = postSolution
		{34B6AF20-0732-4476-90E3-9770BA9C09A9}.Debug|Any CPU.ActiveCfg = Debug|Any CPU
		{34B6AF20-0732-4476-90E3-9770BA9C09A9}.Debug|Any CPU.Build.0 = Debug|Any CPU
		{34B6AF20-0732-4476-90E3-9770BA9C09A9}.Release|Any CPU.ActiveCfg = Release|Any CPU
		{34B6AF20-0732-4476-90E3-9770BA9C09A9}.Release|Any CPU.Build.0 = Release|Any CPU
		{41013B75-C41A-43B2-B8DB-AD3ECD280C14}.Debug|Any CPU.ActiveCfg = Debug|Any CPU
		{41013B75-C41A-43B2-B8DB-AD3ECD280C14}.Debug|Any CPU.Build.0 = Debug|Any CPU
		{41013B75-C41A-43B2-B8DB-AD3ECD280C14}.Release|Any CPU.ActiveCfg = Release|Any CPU
		{41013B75-C41A-43B2-B8DB-AD3ECD280C14}.Release|Any CPU.Build.0 = Release|Any CPU
	EndGlobalSection
	GlobalSection(SolutionProperties) = preSolution
		HideSolutionNode = FALSE
	EndGlobalSection
	GlobalSection(ExtensibilityGlobals) = postSolution
		SolutionGuid = {9F5B1787-053D-4AA1-86F9-B831BF690604}
	EndGlobalSection
EndGlobal
